// !$*UTF8*$!
{
	archiveVersion = 1;
	classes = {
	};
	objectVersion = 56;
	objects = {

/* Begin PBXBuildFile section */
		5AE74B4C292D633300E8265D /* testeQatar Watch App.app in Embed Watch Content */ = {isa = PBXBuildFile; fileRef = 5AE74B4B292D633300E8265D /* testeQatar Watch App.app */; settings = {ATTRIBUTES = (RemoveHeadersOnCopy, ); }; };
		5AE74B51292D633300E8265D /* testeQatarApp.swift in Sources */ = {isa = PBXBuildFile; fileRef = 5AE74B50292D633300E8265D /* testeQatarApp.swift */; };
		5AE74B53292D633300E8265D /* ContentView.swift in Sources */ = {isa = PBXBuildFile; fileRef = 5AE74B52292D633300E8265D /* ContentView.swift */; };
		5AE74B55292D633300E8265D /* Assets.xcassets in Resources */ = {isa = PBXBuildFile; fileRef = 5AE74B54292D633300E8265D /* Assets.xcassets */; };
		5AE74B58292D633300E8265D /* Preview Assets.xcassets in Resources */ = {isa = PBXBuildFile; fileRef = 5AE74B57292D633300E8265D /* Preview Assets.xcassets */; };
		5AE74B63292D637000E8265D /* Timeline in Resources */ = {isa = PBXBuildFile; fileRef = 5AE74B62292D637000E8265D /* Timeline */; };
/* End PBXBuildFile section */

/* Begin PBXContainerItemProxy section */
		5AE74B4D292D633300E8265D /* PBXContainerItemProxy */ = {
			isa = PBXContainerItemProxy;
			containerPortal = 5AE74B3F292D633300E8265D /* Project object */;
			proxyType = 1;
			remoteGlobalIDString = 5AE74B4A292D633300E8265D;
			remoteInfo = "testeQatar Watch App";
		};
/* End PBXContainerItemProxy section */

/* Begin PBXCopyFilesBuildPhase section */
		5AE74B5E292D633300E8265D /* Embed Watch Content */ = {
			isa = PBXCopyFilesBuildPhase;
			buildActionMask = 2147483647;
			dstPath = "$(CONTENTS_FOLDER_PATH)/Watch";
			dstSubfolderSpec = 16;
			files = (
				5AE74B4C292D633300E8265D /* testeQatar Watch App.app in Embed Watch Content */,
			);
			name = "Embed Watch Content";
			runOnlyForDeploymentPostprocessing = 0;
		};
/* End PBXCopyFilesBuildPhase section */

/* Begin PBXFileReference section */
		5AE74B45292D633300E8265D /* testeQatar.app */ = {isa = PBXFileReference; explicitFileType = wrapper.application; includeInIndex = 0; path = testeQatar.app; sourceTree = BUILT_PRODUCTS_DIR; };
		5AE74B4B292D633300E8265D /* testeQatar Watch App.app */ = {isa = PBXFileReference; explicitFileType = wrapper.application; includeInIndex = 0; path = "testeQatar Watch App.app"; sourceTree = BUILT_PRODUCTS_DIR; };
		5AE74B50292D633300E8265D /* testeQatarApp.swift */ = {isa = PBXFileReference; lastKnownFileType = sourcecode.swift; path = testeQatarApp.swift; sourceTree = "<group>"; };
		5AE74B52292D633300E8265D /* ContentView.swift */ = {isa = PBXFileReference; lastKnownFileType = sourcecode.swift; path = ContentView.swift; sourceTree = "<group>"; };
		5AE74B54292D633300E8265D /* Assets.xcassets */ = {isa = PBXFileReference; lastKnownFileType = folder.assetcatalog; path = Assets.xcassets; sourceTree = "<group>"; };
		5AE74B57292D633300E8265D /* Preview Assets.xcassets */ = {isa = PBXFileReference; lastKnownFileType = folder.assetcatalog; path = "Preview Assets.xcassets"; sourceTree = "<group>"; };
		5AE74B62292D637000E8265D /* Timeline */ = {isa = PBXFileReference; lastKnownFileType = folder; path = Timeline; sourceTree = "<group>"; };
/* End PBXFileReference section */

/* Begin PBXFrameworksBuildPhase section */
		5AE74B48292D633300E8265D /* Frameworks */ = {
			isa = PBXFrameworksBuildPhase;
			buildActionMask = 2147483647;
			files = (
			);
			runOnlyForDeploymentPostprocessing = 0;
		};
/* End PBXFrameworksBuildPhase section */

/* Begin PBXGroup section */
		5AE74B3E292D633300E8265D = {
			isa = PBXGroup;
			children = (
				5AE74B4F292D633300E8265D /* testeQatar Watch App */,
				5AE74B62292D637000E8265D /* Timeline */,
				5AE74B46292D633300E8265D /* Products */,
			);
			sourceTree = "<group>";
		};
		5AE74B46292D633300E8265D /* Products */ = {
			isa = PBXGroup;
			children = (
				5AE74B45292D633300E8265D /* testeQatar.app */,
				5AE74B4B292D633300E8265D /* testeQatar Watch App.app */,
			);
			name = Products;
			sourceTree = "<group>";
		};
		5AE74B4F292D633300E8265D /* testeQatar Watch App */ = {
			isa = PBXGroup;
			children = (
				5AE74B50292D633300E8265D /* testeQatarApp.swift */,
				5AE74B52292D633300E8265D /* ContentView.swift */,
				5AE74B54292D633300E8265D /* Assets.xcassets */,
				5AE74B56292D633300E8265D /* Preview Content */,
			);
			path = "testeQatar Watch App";
			sourceTree = "<group>";
		};
		5AE74B56292D633300E8265D /* Preview Content */ = {
			isa = PBXGroup;
			children = (
				5AE74B57292D633300E8265D /* Preview Assets.xcassets */,
			);
			path = "Preview Content";
			sourceTree = "<group>";
		};
/* End PBXGroup section */

/* Begin PBXNativeTarget section */
		5AE74B44292D633300E8265D /* testeQatar */ = {
			isa = PBXNativeTarget;
			buildConfigurationList = 5AE74B5F292D633300E8265D /* Build configuration list for PBXNativeTarget "testeQatar" */;
			buildPhases = (
				5AE74B43292D633300E8265D /* Resources */,
				5AE74B5E292D633300E8265D /* Embed Watch Content */,
			);
			buildRules = (
			);
			dependencies = (
				5AE74B4E292D633300E8265D /* PBXTargetDependency */,
			);
			name = testeQatar;
			productName = testeQatar;
			productReference = 5AE74B45292D633300E8265D /* testeQatar.app */;
			productType = "com.apple.product-type.application.watchapp2-container";
		};
		5AE74B4A292D633300E8265D /* testeQatar Watch App */ = {
			isa = PBXNativeTarget;
			buildConfigurationList = 5AE74B5B292D633300E8265D /* Build configuration list for PBXNativeTarget "testeQatar Watch App" */;
			buildPhases = (
				5AE74B47292D633300E8265D /* Sources */,
				5AE74B48292D633300E8265D /* Frameworks */,
				5AE74B49292D633300E8265D /* Resources */,
			);
			buildRules = (
			);
			dependencies = (
			);
			name = "testeQatar Watch App";
			productName = "testeQatar Watch App";
			productReference = 5AE74B4B292D633300E8265D /* testeQatar Watch App.app */;
			productType = "com.apple.product-type.application";
		};
/* End PBXNativeTarget section */

/* Begin PBXProject section */
		5AE74B3F292D633300E8265D /* Project object */ = {
			isa = PBXProject;
			attributes = {
				BuildIndependentTargetsInParallel = 1;
				LastSwiftUpdateCheck = 1410;
				LastUpgradeCheck = 1410;
				TargetAttributes = {
					5AE74B44292D633300E8265D = {
						CreatedOnToolsVersion = 14.1;
					};
					5AE74B4A292D633300E8265D = {
						CreatedOnToolsVersion = 14.1;
					};
				};
			};
			buildConfigurationList = 5AE74B42292D633300E8265D /* Build configuration list for PBXProject "testeQatar" */;
			compatibilityVersion = "Xcode 14.0";
			developmentRegion = en;
			hasScannedForEncodings = 0;
			knownRegions = (
				en,
				Base,
			);
			mainGroup = 5AE74B3E292D633300E8265D;
			productRefGroup = 5AE74B46292D633300E8265D /* Products */;
			projectDirPath = "";
			projectRoot = "";
			targets = (
				5AE74B44292D633300E8265D /* testeQatar */,
				5AE74B4A292D633300E8265D /* testeQatar Watch App */,
			);
		};
/* End PBXProject section */

/* Begin PBXResourcesBuildPhase section */
		5AE74B43292D633300E8265D /* Resources */ = {
			isa = PBXResourcesBuildPhase;
			buildActionMask = 2147483647;
			files = (
			);
			runOnlyForDeploymentPostprocessing = 0;
		};
		5AE74B49292D633300E8265D /* Resources */ = {
			isa = PBXResourcesBuildPhase;
			buildActionMask = 2147483647;
			files = (
				5AE74B58292D633300E8265D /* Preview Assets.xcassets in Resources */,
				5AE74B55292D633300E8265D /* Assets.xcassets in Resources */,
				5AE74B63292D637000E8265D /* Timeline in Resources */,
			);
			runOnlyForDeploymentPostprocessing = 0;
		};
/* End PBXResourcesBuildPhase section */

/* Begin PBXSourcesBuildPhase section */
		5AE74B47292D633300E8265D /* Sources */ = {
			isa = PBXSourcesBuildPhase;
			buildActionMask = 2147483647;
			files = (
				5AE74B53292D633300E8265D /* ContentView.swift in Sources */,
				5AE74B51292D633300E8265D /* testeQatarApp.swift in Sources */,
			);
			runOnlyForDeploymentPostprocessing = 0;
		};
/* End PBXSourcesBuildPhase section */

/* Begin PBXTargetDependency section */
		5AE74B4E292D633300E8265D /* PBXTargetDependency */ = {
			isa = PBXTargetDependency;
			target = 5AE74B4A292D633300E8265D /* testeQatar Watch App */;
			targetProxy = 5AE74B4D292D633300E8265D /* PBXContainerItemProxy */;
		};
/* End PBXTargetDependency section */

/* Begin XCBuildConfiguration section */
		5AE74B59292D633300E8265D /* Debug */ = {
			isa = XCBuildConfiguration;
			buildSettings = {
				ALWAYS_SEARCH_USER_PATHS = NO;
				CLANG_ANALYZER_NONNULL = YES;
				CLANG_ANALYZER_NUMBER_OBJECT_CONVERSION = YES_AGGRESSIVE;
				CLANG_CXX_LANGUAGE_STANDARD = "gnu++20";
				CLANG_ENABLE_MODULES = YES;
				CLANG_ENABLE_OBJC_ARC = YES;
				CLANG_ENABLE_OBJC_WEAK = YES;
				CLANG_WARN_BLOCK_CAPTURE_AUTORELEASING = YES;
				CLANG_WARN_BOOL_CONVERSION = YES;
				CLANG_WARN_COMMA = YES;
				CLANG_WARN_CONSTANT_CONVERSION = YES;
				CLANG_WARN_DEPRECATED_OBJC_IMPLEMENTATIONS = YES;
				CLANG_WARN_DIRECT_OBJC_ISA_USAGE = YES_ERROR;
				CLANG_WARN_DOCUMENTATION_COMMENTS = YES;
				CLANG_WARN_EMPTY_BODY = YES;
				CLANG_WARN_ENUM_CONVERSION = YES;
				CLANG_WARN_INFINITE_RECURSION = YES;
				CLANG_WARN_INT_CONVERSION = YES;
				CLANG_WARN_NON_LITERAL_NULL_CONVERSION = YES;
				CLANG_WARN_OBJC_IMPLICIT_RETAIN_SELF = YES;
				CLANG_WARN_OBJC_LITERAL_CONVERSION = YES;
				CLANG_WARN_OBJC_ROOT_CLASS = YES_ERROR;
				CLANG_WARN_QUOTED_INCLUDE_IN_FRAMEWORK_HEADER = YES;
				CLANG_WARN_RANGE_LOOP_ANALYSIS = YES;
				CLANG_WARN_STRICT_PROTOTYPES = YES;
				CLANG_WARN_SUSPICIOUS_MOVE = YES;
				CLANG_WARN_UNGUARDED_AVAILABILITY = YES_AGGRESSIVE;
				CLANG_WARN_UNREACHABLE_CODE = YES;
				CLANG_WARN__DUPLICATE_METHOD_MATCH = YES;
				COPY_PHASE_STRIP = NO;
				DEBUG_INFORMATION_FORMAT = dwarf;
				ENABLE_STRICT_OBJC_MSGSEND = YES;
				ENABLE_TESTABILITY = YES;
				GCC_C_LANGUAGE_STANDARD = gnu11;
				GCC_DYNAMIC_NO_PIC = NO;
				GCC_NO_COMMON_BLOCKS = YES;
				GCC_OPTIMIZATION_LEVEL = 0;
				GCC_PREPROCESSOR_DEFINITIONS = (
					"DEBUG=1",
					"$(inherited)",
				);
				GCC_WARN_64_TO_32_BIT_CONVERSION = YES;
				GCC_WARN_ABOUT_RETURN_TYPE = YES_ERROR;
				GCC_WARN_UNDECLARED_SELECTOR = YES;
				GCC_WARN_UNINITIALIZED_AUTOS = YES_AGGRESSIVE;
				GCC_WARN_UNUSED_FUNCTION = YES;
				GCC_WARN_UNUSED_VARIABLE = YES;
				MTL_ENABLE_DEBUG_INFO = INCLUDE_SOURCE;
				MTL_FAST_MATH = YES;
				ONLY_ACTIVE_ARCH = YES;
				SWIFT_ACTIVE_COMPILATION_CONDITIONS = DEBUG;
				SWIFT_OPTIMIZATION_LEVEL = "-Onone";
			};
			name = Debug;
		};
		5AE74B5A292D633300E8265D /* Release */ = {
			isa = XCBuildConfiguration;
			buildSettings = {
				ALWAYS_SEARCH_USER_PATHS = NO;
				CLANG_ANALYZER_NONNULL = YES;
				CLANG_ANALYZER_NUMBER_OBJECT_CONVERSION = YES_AGGRESSIVE;
				CLANG_CXX_LANGUAGE_STANDARD = "gnu++20";
				CLANG_ENABLE_MODULES = YES;
				CLANG_ENABLE_OBJC_ARC = YES;
				CLANG_ENABLE_OBJC_WEAK = YES;
				CLANG_WARN_BLOCK_CAPTURE_AUTORELEASING = YES;
				CLANG_WARN_BOOL_CONVERSION = YES;
				CLANG_WARN_COMMA = YES;
				CLANG_WARN_CONSTANT_CONVERSION = YES;
				CLANG_WARN_DEPRECATED_OBJC_IMPLEMENTATIONS = YES;
				CLANG_WARN_DIRECT_OBJC_ISA_USAGE = YES_ERROR;
				CLANG_WARN_DOCUMENTATION_COMMENTS = YES;
				CLANG_WARN_EMPTY_BODY = YES;
				CLANG_WARN_ENUM_CONVERSION = YES;
				CLANG_WARN_INFINITE_RECURSION = YES;
				CLANG_WARN_INT_CONVERSION = YES;
				CLANG_WARN_NON_LITERAL_NULL_CONVERSION = YES;
				CLANG_WARN_OBJC_IMPLICIT_RETAIN_SELF = YES;
				CLANG_WARN_OBJC_LITERAL_CONVERSION = YES;
				CLANG_WARN_OBJC_ROOT_CLASS = YES_ERROR;
				CLANG_WARN_QUOTED_INCLUDE_IN_FRAMEWORK_HEADER = YES;
				CLANG_WARN_RANGE_LOOP_ANALYSIS = YES;
				CLANG_WARN_STRICT_PROTOTYPES = YES;
				CLANG_WARN_SUSPICIOUS_MOVE = YES;
				CLANG_WARN_UNGUARDED_AVAILABILITY = YES_AGGRESSIVE;
				CLANG_WARN_UNREACHABLE_CODE = YES;
				CLANG_WARN__DUPLICATE_METHOD_MATCH = YES;
				COPY_PHASE_STRIP = NO;
				DEBUG_INFORMATION_FORMAT = "dwarf-with-dsym";
				ENABLE_NS_ASSERTIONS = NO;
				ENABLE_STRICT_OBJC_MSGSEND = YES;
				GCC_C_LANGUAGE_STANDARD = gnu11;
				GCC_NO_COMMON_BLOCKS = YES;
				GCC_WARN_64_TO_32_BIT_CONVERSION = YES;
				GCC_WARN_ABOUT_RETURN_TYPE = YES_ERROR;
				GCC_WARN_UNDECLARED_SELECTOR = YES;
				GCC_WARN_UNINITIALIZED_AUTOS = YES_AGGRESSIVE;
				GCC_WARN_UNUSED_FUNCTION = YES;
				GCC_WARN_UNUSED_VARIABLE = YES;
				MTL_ENABLE_DEBUG_INFO = NO;
				MTL_FAST_MATH = YES;
				SWIFT_COMPILATION_MODE = wholemodule;
				SWIFT_OPTIMIZATION_LEVEL = "-O";
			};
			name = Release;
		};
		5AE74B5C292D633300E8265D /* Debug */ = {
			isa = XCBuildConfiguration;
			buildSettings = {
				ASSETCATALOG_COMPILER_APPICON_NAME = AppIcon;
				ASSETCATALOG_COMPILER_GLOBAL_ACCENT_COLOR_NAME = AccentColor;
				CODE_SIGN_STYLE = Automatic;
				CURRENT_PROJECT_VERSION = 1;
				DEVELOPMENT_ASSET_PATHS = "\"testeQatar Watch App/Preview Content\"";
				DEVELOPMENT_TEAM = VNH67NDAE6;
				ENABLE_PREVIEWS = YES;
				GENERATE_INFOPLIST_FILE = YES;
				INFOPLIST_KEY_CFBundleDisplayName = testeQatar;
				INFOPLIST_KEY_UISupportedInterfaceOrientations = "UIInterfaceOrientationPortrait UIInterfaceOrientationPortraitUpsideDown";
				INFOPLIST_KEY_WKWatchOnly = YES;
				LD_RUNPATH_SEARCH_PATHS = (
					"$(inherited)",
					"@executable_path/Frameworks",
				);
				MARKETING_VERSION = 1.0;
				PRODUCT_BUNDLE_IDENTIFIER = lclr.academy.cin.br.testeQatar.watchkitapp;
				PRODUCT_NAME = "$(TARGET_NAME)";
				SDKROOT = watchos;
				SKIP_INSTALL = YES;
				SWIFT_EMIT_LOC_STRINGS = YES;
				SWIFT_VERSION = 5.0;
				TARGETED_DEVICE_FAMILY = 4;
				WATCHOS_DEPLOYMENT_TARGET = 9.1;
			};
			name = Debug;
		};
		5AE74B5D292D633300E8265D /* Release */ = {
			isa = XCBuildConfiguration;
			buildSettings = {
				ASSETCATALOG_COMPILER_APPICON_NAME = AppIcon;
				ASSETCATALOG_COMPILER_GLOBAL_ACCENT_COLOR_NAME = AccentColor;
				CODE_SIGN_STYLE = Automatic;
				CURRENT_PROJECT_VERSION = 1;
				DEVELOPMENT_ASSET_PATHS = "\"testeQatar Watch App/Preview Content\"";
				DEVELOPMENT_TEAM = VNH67NDAE6;
				ENABLE_PREVIEWS = YES;
				GENERATE_INFOPLIST_FILE = YES;
				INFOPLIST_KEY_CFBundleDisplayName = testeQatar;
				INFOPLIST_KEY_UISupportedInterfaceOrientations = "UIInterfaceOrientationPortrait UIInterfaceOrientationPortraitUpsideDown";
				INFOPLIST_KEY_WKWatchOnly = YES;
				LD_RUNPATH_SEARCH_PATHS = (
					"$(inherited)",
					"@executable_path/Frameworks",
				);
				MARKETING_VERSION = 1.0;
				PRODUCT_BUNDLE_IDENTIFIER = lclr.academy.cin.br.testeQatar.watchkitapp;
				PRODUCT_NAME = "$(TARGET_NAME)";
				SDKROOT = watchos;
				SKIP_INSTALL = YES;
				SWIFT_EMIT_LOC_STRINGS = YES;
				SWIFT_VERSION = 5.0;
				TARGETED_DEVICE_FAMILY = 4;
				VALIDATE_PRODUCT = YES;
				WATCHOS_DEPLOYMENT_TARGET = 9.1;
			};
			name = Release;
		};
		5AE74B60292D633300E8265D /* Debug */ = {
			isa = XCBuildConfiguration;
			buildSettings = {
				ALWAYS_EMBED_SWIFT_STANDARD_LIBRARIES = YES;
				CODE_SIGN_STYLE = Automatic;
				CURRENT_PROJECT_VERSION = 1;
				DEVELOPMENT_TEAM = VNH67NDAE6;
				INFOPLIST_KEY_CFBundleDisplayName = testeQatar;
				MARKETING_VERSION = 1.0;
				PRODUCT_BUNDLE_IDENTIFIER = lclr.academy.cin.br.testeQatar;
				PRODUCT_NAME = "$(TARGET_NAME)";
				SDKROOT = iphoneos;
				SWIFT_VERSION = 5.0;
			};
			name = Debug;
		};
		5AE74B61292D633300E8265D /* Release */ = {
			isa = XCBuildConfiguration;
			buildSettings = {
				ALWAYS_EMBED_SWIFT_STANDARD_LIBRARIES = YES;
				CODE_SIGN_STYLE = Automatic;
				CURRENT_PROJECT_VERSION = 1;
				DEVELOPMENT_TEAM = VNH67NDAE6;
				INFOPLIST_KEY_CFBundleDisplayName = testeQatar;
				MARKETING_VERSION = 1.0;
				PRODUCT_BUNDLE_IDENTIFIER = lclr.academy.cin.br.testeQatar;
				PRODUCT_NAME = "$(TARGET_NAME)";
				SDKROOT = iphoneos;
				SWIFT_VERSION = 5.0;
				VALIDATE_PRODUCT = YES;
			};
			name = Release;
		};
/* End XCBuildConfiguration section */

/* Begin XCConfigurationList section */
		5AE74B42292D633300E8265D /* Build configuration list for PBXProject "testeQatar" */ = {
			isa = XCConfigurationList;
			buildConfigurations = (
				5AE74B59292D633300E8265D /* Debug */,
				5AE74B5A292D633300E8265D /* Release */,
			);
			defaultConfigurationIsVisible = 0;
			defaultConfigurationName = Release;
		};
		5AE74B5B292D633300E8265D /* Build configuration list for PBXNativeTarget "testeQatar Watch App" */ = {
			isa = XCConfigurationList;
			buildConfigurations = (
				5AE74B5C292D633300E8265D /* Debug */,
				5AE74B5D292D633300E8265D /* Release */,
			);
			defaultConfigurationIsVisible = 0;
			defaultConfigurationName = Release;
		};
		5AE74B5F292D633300E8265D /* Build configuration list for PBXNativeTarget "testeQatar" */ = {
			isa = XCConfigurationList;
			buildConfigurations = (
				5AE74B60292D633300E8265D /* Debug */,
				5AE74B61292D633300E8265D /* Release */,
			);
			defaultConfigurationIsVisible = 0;
			defaultConfigurationName = Release;
		};
/* End XCConfigurationList section */
	};
	rootObject = 5AE74B3F292D633300E8265D /* Project object */;
}
